<?xml version="1.0" encoding="utf-8"?>
<Project ToolsVersion="4.0" xmlns="http://schemas.microsoft.com/developer/msbuild/2003">
  <ItemGroup>
    <Filter Include="Logic">
      <UniqueIdentifier>{4733f38a-f961-41ab-9adc-f1481ba71a6c}</UniqueIdentifier>
    </Filter>
    <Filter Include="Logic\Source">
      <UniqueIdentifier>{97560361-7f18-42eb-9667-79ad812fcc5d}</UniqueIdentifier>
    </Filter>
    <Filter Include="Logic\Header">
      <UniqueIdentifier>{89da61c7-e13e-4bb0-9ae6-235a1d1b034a}</UniqueIdentifier>
    </Filter>
    <Filter Include="Projectdata">
      <UniqueIdentifier>{057b9468-6a98-4e44-810a-e3a1849365d5}</UniqueIdentifier>
    </Filter>
    <Filter Include="Projectdata\Source">
      <UniqueIdentifier>{20f498e7-e6c4-4f59-85c6-ae2a09518ff5}</UniqueIdentifier>
    </Filter>
    <Filter Include="Projectdata\Header">
      <UniqueIdentifier>{2c2ce482-47c5-47c2-bd43-6b76cc7cddea}</UniqueIdentifier>
    </Filter>
    <Filter Include="UserInterface">
      <UniqueIdentifier>{89d4aec7-3280-4990-a3f3-f52edf2ae49a}</UniqueIdentifier>
    </Filter>
    <Filter Include="UserInterface\Resource Files">
      <UniqueIdentifier>{67DA6AB6-F800-4c08-8B7A-83BB121AAD01}</UniqueIdentifier>
      <Extensions>rc;ico;cur;bmp;dlg;rc2;rct;bin;rgs;gif;jpg;jpeg;jpe;resx;tiff;tif;png;wav;mfcribbon-ms</Extensions>
    </Filter>
    <Filter Include="UserInterface\Header Files">
      <UniqueIdentifier>{93995380-89BD-4b04-88EB-625FBE52EBFB}</UniqueIdentifier>
      <Extensions>h;hh;hpp;hxx;h++;hm;inl;inc;ipp;xsd</Extensions>
    </Filter>
    <Filter Include="UserInterface\Source Files">
      <UniqueIdentifier>{4FC737F1-C7A5-4376-A066-2A32D752A2FF}</UniqueIdentifier>
      <Extensions>cpp;c;cc;cxx;c++;cppm;ixx;def;odl;idl;hpj;bat;asm;asmx</Extensions>
    </Filter>
  </ItemGroup>
  <ItemGroup>
    <ResourceCompile Include="app.rc">
      <Filter>UserInterface\Resource Files</Filter>
    </ResourceCompile>
  </ItemGroup>
  <ItemGroup>
    <ClInclude Include="Resource.h">
      <Filter>UserInterface\Header Files</Filter>
    </ClInclude>
    <ClInclude Include="RoboPathForm.h">
      <Filter>UserInterface\Header Files</Filter>
    </ClInclude>
    <ClInclude Include="RoboPath.h">
      <Filter>Projectdata\Header</Filter>
    </ClInclude>
    <ClInclude Include="RoboPathStruct.h">
      <Filter>Projectdata\Header</Filter>
    </ClInclude>
    <ClInclude Include="VersionInfo.h">
      <Filter>Projectdata\Header</Filter>
    </ClInclude>
    <ClInclude Include="ReadCSV.h">
      <Filter>Logic\Header</Filter>
    </ClInclude>
    <ClInclude Include="pch.h">
      <Filter>Projectdata\Header</Filter>
    </ClInclude>
    <ClInclude Include="DPAprox.h">
      <Filter>Logic\Header</Filter>
    </ClInclude>
    <ClInclude Include="Point3DStruct.h">
      <Filter>Projectdata\Header</Filter>
    </ClInclude>
    <ClInclude Include="WriteCSV.h">
      <Filter>Logic\Header</Filter>
    </ClInclude>
    <ClInclude Include="SampleFilter.h">
      <Filter>Logic\Header</Filter>
    </ClInclude>
    <ClInclude Include="VeloCalc.h">
      <Filter>Logic\Header</Filter>
    </ClInclude>
    <ClInclude Include="CalcOrientation.h">
      <Filter>Logic\Header</Filter>
    </ClInclude>
    <ClInclude Include="ValidateRawCSV.h">
      <Filter>Logic\Header</Filter>
    </ClInclude>
  </ItemGroup>
  <ItemGroup>
    <ClCompile Include="main.cpp">
      <Filter>UserInterface\Source Files</Filter>
    </ClCompile>
    <ClCompile Include="AssemblyInfo.cpp">
      <Filter>UserInterface\Source Files</Filter>
    </ClCompile>
    <ClCompile Include="RoboPathForm.cpp">
      <Filter>UserInterface\Source Files</Filter>
    </ClCompile>
    <ClCompile Include="RoboPath.cpp">
      <Filter>Projectdata\Source</Filter>
    </ClCompile>
    <ClCompile Include="VersionInfo.cpp">
      <Filter>Projectdata\Source</Filter>
    </ClCompile>
    <ClCompile Include="ReadCSV.cpp">
      <Filter>Logic\Source</Filter>
    </ClCompile>
    <ClCompile Include="pch.cpp">
      <Filter>Projectdata\Source</Filter>
    </ClCompile>
    <ClCompile Include="DPAprox.cpp">
      <Filter>Logic\Source</Filter>
    </ClCompile>
    <ClCompile Include="WriteCSV.cpp">
      <Filter>Logic\Source</Filter>
    </ClCompile>
    <ClCompile Include="SampleFilter.cpp">
      <Filter>Logic\Source</Filter>
    </ClCompile>
    <ClCompile Include="VeloCalc.cpp">
      <Filter>Logic\Source</Filter>
    </ClCompile>
    <ClCompile Include="CalcOrientation.cpp">
      <Filter>Logic\Source</Filter>
    </ClCompile>
    <ClCompile Include="ValidateRawCSV.cpp">
      <Filter>Logic\Source</Filter>
    </ClCompile>
  </ItemGroup>
  <ItemGroup>
    <Image Include="app.ico">
      <Filter>UserInterface\Resource Files</Filter>
    </Image>
  </ItemGroup>
</Project>